
Microsoft Visual Studio Solution File, Format Version 12.00
# Visual Studio Version 17
VisualStudioVersion = 17.8.34330.188
MinimumVisualStudioVersion = 10.0.40219.1
Project("{FAE04EC0-301F-11D3-BF4B-00C04F79EFBC}") = "PT10", "PT10.csproj", "{A010DA72-6841-469C-AA8A-3BA9F987366F}"
EndProject
Global
	GlobalSection(SolutionConfigurationPlatforms) = preSolution
		Debug|Any CPU = Debug|Any CPU
		Release|Any CPU = Release|Any CPU
	EndGlobalSection
	GlobalSection(ProjectConfigurationPlatforms) = postSolution
		{A010DA72-6841-469C-AA8A-3BA9F987366F}.Debug|Any CPU.ActiveCfg = Debug|Any CPU
		{A010DA72-6841-469C-AA8A-3BA9F987366F}.Debug|Any CPU.Build.0 = Debug|Any CPU
		{A010DA72-6841-469C-AA8A-3BA9F987366F}.Release|Any CPU.ActiveCfg = Release|Any CPU
		{A010DA72-6841-469C-AA8A-3BA9F987366F}.Release|Any CPU.Build.0 = Release|Any CPU
	EndGlobalSection
	GlobalSection(SolutionProperties) = preSolution
		HideSolutionNode = FALSE
	EndGlobalSection
	GlobalSection(ExtensibilityGlobals) = postSolution
		SolutionGuid = {F88246FF-1DD3-4785-835E-D8DE812ED43F}
	EndGlobalSection
EndGlobal
