
Microsoft Visual Studio Solution File, Format Version 12.00
# Visual Studio Version 17
VisualStudioVersion = 17.8.34330.188
MinimumVisualStudioVersion = 10.0.40219.1
Project("{FAE04EC0-301F-11D3-BF4B-00C04F79EFBC}") = "ServerApp", "ServerApp.csproj", "{0D8BC590-D858-4E2A-BAAD-F68B65D24F0A}"
EndProject
Global
	GlobalSection(SolutionConfigurationPlatforms) = preSolution
		Debug|Any CPU = Debug|Any CPU
		Release|Any CPU = Release|Any CPU
	EndGlobalSection
	GlobalSection(ProjectConfigurationPlatforms) = postSolution
		{0D8BC590-D858-4E2A-BAAD-F68B65D24F0A}.Debug|Any CPU.ActiveCfg = Debug|Any CPU
		{0D8BC590-D858-4E2A-BAAD-F68B65D24F0A}.Debug|Any CPU.Build.0 = Debug|Any CPU
		{0D8BC590-D858-4E2A-BAAD-F68B65D24F0A}.Release|Any CPU.ActiveCfg = Release|Any CPU
		{0D8BC590-D858-4E2A-BAAD-F68B65D24F0A}.Release|Any CPU.Build.0 = Release|Any CPU
	EndGlobalSection
	GlobalSection(SolutionProperties) = preSolution
		HideSolutionNode = FALSE
	EndGlobalSection
	GlobalSection(ExtensibilityGlobals) = postSolution
		SolutionGuid = {C8C76156-D3AD-42E1-AF1E-2A121D469A6E}
	EndGlobalSection
EndGlobal
